// !$*UTF8*$!
{
	archiveVersion = 1;
	classes = {
	};
	objectVersion = 54;
	objects = {

/* Begin PBXBuildFile section */
		42BFF53A75CBA65DE020511C /* SnowboardGameApp.swift in Sources */ = {isa = PBXBuildFile; fileRef = 0F0BC66E52D0939E37AEBDC0 /* SnowboardGameApp.swift */; };
		5315F791A36B7E5CAE2AEF8A /* ContentView.swift in Sources */ = {isa = PBXBuildFile; fileRef = B759B6EF62EECCA1E01EE3E9 /* ContentView.swift */; };
		1D8E87A3746B121396471682 /* GameScene.swift in Sources */ = {isa = PBXBuildFile; fileRef = F258E7D2B397B2F3FC9E91B0 /* GameScene.swift */; };
		39B3B362373E9AC89731C39D /* Player.swift in Sources */ = {isa = PBXBuildFile; fileRef = 55EDC58384463CC43D28DF4F /* Player.swift */; };
		1AAAD6EB221F41D438B1BBF5 /* Terrain.swift in Sources */ = {isa = PBXBuildFile; fileRef = B48F48871EC97CEEBB4294CF /* Terrain.swift */; };
		F0B63C8C45DAB97A536F93F3 /* Obstacle.swift in Sources */ = {isa = PBXBuildFile; fileRef = E0CFC6C64C473F89912C9F92 /* Obstacle.swift */; };
		63D03A1FC32EF276E59710F2 /* Trick.swift in Sources */ = {isa = PBXBuildFile; fileRef = E010391F921140B5643BD36A /* Trick.swift */; };
		51920A3CB8923D917F40F2C5 /* HUD.swift in Sources */ = {isa = PBXBuildFile; fileRef = C8FA17A73735F9B288F610FD /* HUD.swift */; };
		C256E3EDEFC9B4F9B10FD549 /* GameState.swift in Sources */ = {isa = PBXBuildFile; fileRef = FDE9E56A03557EE62CDDB6D8 /* GameState.swift */; };
		3DF6BFFB0CFC622F62E52ADE /* LoadingScene.swift in Sources */ = {isa = PBXBuildFile; fileRef = 2496DDE3CCD2E02DC88C8240 /* LoadingScene.swift */; };
		FC73B7C5AD0B6F260D1A0A56 /* LobbyScene.swift in Sources */ = {isa = PBXBuildFile; fileRef = 448A508847572D4761070775 /* LobbyScene.swift */; };
		97CEB51B8C9C0C2D23BF4643 /* SettingsPopup.swift in Sources */ = {isa = PBXBuildFile; fileRef = 094AB5F36D05D0F00C01978A /* SettingsPopup.swift */; };
		C86D79223CB2B4C5DEA46E45 /* SliderControl.swift in Sources */ = {isa = PBXBuildFile; fileRef = 315CF2664A8F1331531558E8 /* SliderControl.swift */; };
		8E845F5DBCCA17543C7655D3 /* ToggleControl.swift in Sources */ = {isa = PBXBuildFile; fileRef = 5C5B16929D4912B5ACC0405B /* ToggleControl.swift */; };
		6171F626A443446DBC9769EA /* SettingsStore.swift in Sources */ = {isa = PBXBuildFile; fileRef = F1896F67CAFA7C9B68C65916 /* SettingsStore.swift */; };
		4EC9764E6663F65AB8C7C5FE /* Haptics.swift in Sources */ = {isa = PBXBuildFile; fileRef = E290006F039A2028340E5134 /* Haptics.swift */; };
		FA5015F61CC2BE0B21B665FF /* BackgroundLayers.swift in Sources */ = {isa = PBXBuildFile; fileRef = C24868326B76AC15E3411F97 /* BackgroundLayers.swift */; };
		6CD79949653A9E75EC736D08 /* TiltInput.swift in Sources */ = {isa = PBXBuildFile; fileRef = 4FBB63B9B3F68FDE1E94A2CF /* TiltInput.swift */; };
		4CE00633EE7AA69E7A5319E3 /* CoinWallet.swift in Sources */ = {isa = PBXBuildFile; fileRef = 36C2AB71EE33D7E1DC14CA8A /* CoinWallet.swift */; };
		91A99F3E4E974AE4EB0DD84D /* CosmeticsStore.swift in Sources */ = {isa = PBXBuildFile; fileRef = 1C9E1B2108D53985DD002702 /* CosmeticsStore.swift */; };
		A404DB4A419519BF9860C7E6 /* PurchaseStore.swift in Sources */ = {isa = PBXBuildFile; fileRef = E72FF9479BFEEC3C159F2BB6 /* PurchaseStore.swift */; };
		B8214BBEB2FF553CD58E44A1 /* ContinueTracker.swift in Sources */ = {isa = PBXBuildFile; fileRef = 82DB10B7F31E501BB0B48570 /* ContinueTracker.swift */; };
		347FE09AC10DACBBCA2FD5FD /* AdsManager.swift in Sources */ = {isa = PBXBuildFile; fileRef = 408D1BE28FAE0864B74B6B4C /* AdsManager.swift */; };
		8CC0BA68526FC5CE9706697D /* ShopScene.swift in Sources */ = {isa = PBXBuildFile; fileRef = 2B4038EFADEB7F0341865C04 /* ShopScene.swift */; };
/* End PBXBuildFile section */

/* Begin PBXFileReference section */
		0F0BC66E52D0939E37AEBDC0 /* SnowboardGameApp.swift */ = {isa = PBXFileReference; lastKnownFileType = sourcecode.swift; path = SnowboardGameApp.swift; sourceTree = "<group>"; };
		B759B6EF62EECCA1E01EE3E9 /* ContentView.swift */ = {isa = PBXFileReference; lastKnownFileType = sourcecode.swift; path = ContentView.swift; sourceTree = "<group>"; };
		F258E7D2B397B2F3FC9E91B0 /* GameScene.swift */ = {isa = PBXFileReference; lastKnownFileType = sourcecode.swift; path = GameScene.swift; sourceTree = "<group>"; };
		55EDC58384463CC43D28DF4F /* Player.swift */ = {isa = PBXFileReference; lastKnownFileType = sourcecode.swift; path = Player.swift; sourceTree = "<group>"; };
		B48F48871EC97CEEBB4294CF /* Terrain.swift */ = {isa = PBXFileReference; lastKnownFileType = sourcecode.swift; path = Terrain.swift; sourceTree = "<group>"; };
		E0CFC6C64C473F89912C9F92 /* Obstacle.swift */ = {isa = PBXFileReference; lastKnownFileType = sourcecode.swift; path = Obstacle.swift; sourceTree = "<group>"; };
		E010391F921140B5643BD36A /* Trick.swift */ = {isa = PBXFileReference; lastKnownFileType = sourcecode.swift; path = Trick.swift; sourceTree = "<group>"; };
		C8FA17A73735F9B288F610FD /* HUD.swift */ = {isa = PBXFileReference; lastKnownFileType = sourcecode.swift; path = HUD.swift; sourceTree = "<group>"; };
		FDE9E56A03557EE62CDDB6D8 /* GameState.swift */ = {isa = PBXFileReference; lastKnownFileType = sourcecode.swift; path = GameState.swift; sourceTree = "<group>"; };
		2496DDE3CCD2E02DC88C8240 /* LoadingScene.swift */ = {isa = PBXFileReference; lastKnownFileType = sourcecode.swift; path = LoadingScene.swift; sourceTree = "<group>"; };
		448A508847572D4761070775 /* LobbyScene.swift */ = {isa = PBXFileReference; lastKnownFileType = sourcecode.swift; path = LobbyScene.swift; sourceTree = "<group>"; };
		094AB5F36D05D0F00C01978A /* SettingsPopup.swift */ = {isa = PBXFileReference; lastKnownFileType = sourcecode.swift; path = SettingsPopup.swift; sourceTree = "<group>"; };
		315CF2664A8F1331531558E8 /* SliderControl.swift */ = {isa = PBXFileReference; lastKnownFileType = sourcecode.swift; path = SliderControl.swift; sourceTree = "<group>"; };
		5C5B16929D4912B5ACC0405B /* ToggleControl.swift */ = {isa = PBXFileReference; lastKnownFileType = sourcecode.swift; path = ToggleControl.swift; sourceTree = "<group>"; };
		F1896F67CAFA7C9B68C65916 /* SettingsStore.swift */ = {isa = PBXFileReference; lastKnownFileType = sourcecode.swift; path = SettingsStore.swift; sourceTree = "<group>"; };
		E290006F039A2028340E5134 /* Haptics.swift */ = {isa = PBXFileReference; lastKnownFileType = sourcecode.swift; path = Haptics.swift; sourceTree = "<group>"; };
		C24868326B76AC15E3411F97 /* BackgroundLayers.swift */ = {isa = PBXFileReference; lastKnownFileType = sourcecode.swift; path = BackgroundLayers.swift; sourceTree = "<group>"; };
		4FBB63B9B3F68FDE1E94A2CF /* TiltInput.swift */ = {isa = PBXFileReference; lastKnownFileType = sourcecode.swift; path = TiltInput.swift; sourceTree = "<group>"; };
		36C2AB71EE33D7E1DC14CA8A /* CoinWallet.swift */ = {isa = PBXFileReference; lastKnownFileType = sourcecode.swift; path = CoinWallet.swift; sourceTree = "<group>"; };
		1C9E1B2108D53985DD002702 /* CosmeticsStore.swift */ = {isa = PBXFileReference; lastKnownFileType = sourcecode.swift; path = CosmeticsStore.swift; sourceTree = "<group>"; };
		E72FF9479BFEEC3C159F2BB6 /* PurchaseStore.swift */ = {isa = PBXFileReference; lastKnownFileType = sourcecode.swift; path = PurchaseStore.swift; sourceTree = "<group>"; };
		82DB10B7F31E501BB0B48570 /* ContinueTracker.swift */ = {isa = PBXFileReference; lastKnownFileType = sourcecode.swift; path = ContinueTracker.swift; sourceTree = "<group>"; };
		408D1BE28FAE0864B74B6B4C /* AdsManager.swift */ = {isa = PBXFileReference; lastKnownFileType = sourcecode.swift; path = AdsManager.swift; sourceTree = "<group>"; };
		2B4038EFADEB7F0341865C04 /* ShopScene.swift */ = {isa = PBXFileReference; lastKnownFileType = sourcecode.swift; path = ShopScene.swift; sourceTree = "<group>"; };
		E91FEA3CF3123CA5D0822599 /* SnowboardGame.app */ = {isa = PBXFileReference; explicitFileType = wrapper.application; includeInIndex = 0; path = SnowboardGame.app; sourceTree = BUILT_PRODUCTS_DIR; };
/* End PBXFileReference section */

/* Begin PBXFrameworksBuildPhase section */
		28C62D04FD14BB1B939D8D80 /* Frameworks */ = {
			isa = PBXFrameworksBuildPhase;
			buildActionMask = 2147483647;
			files = (
			);
			runOnlyForDeploymentPostprocessing = 0;
		};
/* End PBXFrameworksBuildPhase section */

/* Begin PBXGroup section */
		64032B568FD83593D3287464 = {
			isa = PBXGroup;
			children = (
				60778236C4B9D5027AB492D4 /* SnowboardGame */,
				CD16327E00A8BC706E7FCEC4 /* Products */,
			);
			sourceTree = "<group>";
		};
		60778236C4B9D5027AB492D4 /* SnowboardGame */ = {
			isa = PBXGroup;
			children = (
				0F0BC66E52D0939E37AEBDC0 /* SnowboardGameApp.swift */,
				B759B6EF62EECCA1E01EE3E9 /* ContentView.swift */,
				F258E7D2B397B2F3FC9E91B0 /* GameScene.swift */,
				55EDC58384463CC43D28DF4F /* Player.swift */,
				B48F48871EC97CEEBB4294CF /* Terrain.swift */,
				E0CFC6C64C473F89912C9F92 /* Obstacle.swift */,
				E010391F921140B5643BD36A /* Trick.swift */,
				C8FA17A73735F9B288F610FD /* HUD.swift */,
				FDE9E56A03557EE62CDDB6D8 /* GameState.swift */,
				2496DDE3CCD2E02DC88C8240 /* LoadingScene.swift */,
				448A508847572D4761070775 /* LobbyScene.swift */,
				094AB5F36D05D0F00C01978A /* SettingsPopup.swift */,
				315CF2664A8F1331531558E8 /* SliderControl.swift */,
				5C5B16929D4912B5ACC0405B /* ToggleControl.swift */,
				F1896F67CAFA7C9B68C65916 /* SettingsStore.swift */,
				E290006F039A2028340E5134 /* Haptics.swift */,
				C24868326B76AC15E3411F97 /* BackgroundLayers.swift */,
				4FBB63B9B3F68FDE1E94A2CF /* TiltInput.swift */,
				36C2AB71EE33D7E1DC14CA8A /* CoinWallet.swift */,
				1C9E1B2108D53985DD002702 /* CosmeticsStore.swift */,
				E72FF9479BFEEC3C159F2BB6 /* PurchaseStore.swift */,
				82DB10B7F31E501BB0B48570 /* ContinueTracker.swift */,
				408D1BE28FAE0864B74B6B4C /* AdsManager.swift */,
				2B4038EFADEB7F0341865C04 /* ShopScene.swift */,
			);
			path = SnowboardGame;
			sourceTree = "<group>";
		};
		CD16327E00A8BC706E7FCEC4 /* Products */ = {
			isa = PBXGroup;
			children = (
				E91FEA3CF3123CA5D0822599 /* SnowboardGame.app */,
			);
			name = Products;
			sourceTree = "<group>";
		};
/* End PBXGroup section */

/* Begin PBXNativeTarget section */
		2F58276FE16ADB902E427462 /* SnowboardGame */ = {
			isa = PBXNativeTarget;
			buildConfigurationList = 4B4B20EDEB3640B2059828B1 /* Build configuration list for PBXNativeTarget "SnowboardGame" */;
			buildPhases = (
				06CB492056E56E85E4470EC9 /* Sources */,
				28C62D04FD14BB1B939D8D80 /* Frameworks */,
			);
			buildRules = (
			);
			dependencies = (
			);
			name = SnowboardGame;
			productName = SnowboardGame;
			productReference = E91FEA3CF3123CA5D0822599 /* SnowboardGame.app */;
			productType = "com.apple.product-type.application";
		};
/* End PBXNativeTarget section */

/* Begin PBXProject section */
		FB1BE704B1F324036E8F302D /* Project object */ = {
			isa = PBXProject;
			attributes = {
				BuildIndependentTargetsInParallel = 1;
				LastSwiftUpdateCheck = 1500;
				LastUpgradeCheck = 1500;
				TargetAttributes = {
					2F58276FE16ADB902E427462 = {
						CreatedOnToolsVersion = 15.0;
					};
				};
			};
			buildConfigurationList = 90D59367B4EFAB8E8DF3919E /* Build configuration list for PBXProject "SnowboardGame" */;
			compatibilityVersion = "Xcode 14.0";
			developmentRegion = en;
			hasScannedForEncodings = 0;
			knownRegions = (
				en,
				Base,
			);
			mainGroup = 64032B568FD83593D3287464;
			productRefGroup = CD16327E00A8BC706E7FCEC4 /* Products */;
			projectDirPath = "";
			projectRoot = "";
			targets = (
				2F58276FE16ADB902E427462 /* SnowboardGame */,
			);
		};
/* End PBXProject section */

/* Begin PBXSourcesBuildPhase section */
		06CB492056E56E85E4470EC9 /* Sources */ = {
			isa = PBXSourcesBuildPhase;
			buildActionMask = 2147483647;
			files = (
				42BFF53A75CBA65DE020511C /* SnowboardGameApp.swift in Sources */,
				5315F791A36B7E5CAE2AEF8A /* ContentView.swift in Sources */,
				1D8E87A3746B121396471682 /* GameScene.swift in Sources */,
				39B3B362373E9AC89731C39D /* Player.swift in Sources */,
				1AAAD6EB221F41D438B1BBF5 /* Terrain.swift in Sources */,
				F0B63C8C45DAB97A536F93F3 /* Obstacle.swift in Sources */,
				63D03A1FC32EF276E59710F2 /* Trick.swift in Sources */,
				51920A3CB8923D917F40F2C5 /* HUD.swift in Sources */,
				C256E3EDEFC9B4F9B10FD549 /* GameState.swift in Sources */,
				3DF6BFFB0CFC622F62E52ADE /* LoadingScene.swift in Sources */,
				FC73B7C5AD0B6F260D1A0A56 /* LobbyScene.swift in Sources */,
				97CEB51B8C9C0C2D23BF4643 /* SettingsPopup.swift in Sources */,
				C86D79223CB2B4C5DEA46E45 /* SliderControl.swift in Sources */,
				8E845F5DBCCA17543C7655D3 /* ToggleControl.swift in Sources */,
				6171F626A443446DBC9769EA /* SettingsStore.swift in Sources */,
				4EC9764E6663F65AB8C7C5FE /* Haptics.swift in Sources */,
				FA5015F61CC2BE0B21B665FF /* BackgroundLayers.swift in Sources */,
				6CD79949653A9E75EC736D08 /* TiltInput.swift in Sources */,
				4CE00633EE7AA69E7A5319E3 /* CoinWallet.swift in Sources */,
				91A99F3E4E974AE4EB0DD84D /* CosmeticsStore.swift in Sources */,
				A404DB4A419519BF9860C7E6 /* PurchaseStore.swift in Sources */,
				B8214BBEB2FF553CD58E44A1 /* ContinueTracker.swift in Sources */,
				347FE09AC10DACBBCA2FD5FD /* AdsManager.swift in Sources */,
				8CC0BA68526FC5CE9706697D /* ShopScene.swift in Sources */,
			);
			runOnlyForDeploymentPostprocessing = 0;
		};
/* End PBXSourcesBuildPhase section */

/* Begin XCBuildConfiguration section */
		A10254A55DA22C7723CE8A9A /* Debug */ = {
			isa = XCBuildConfiguration;
			buildSettings = {
				ALWAYS_SEARCH_USER_PATHS = NO;
				CLANG_ANALYZER_NONNULL = YES;
				CLANG_ANALYZER_NUMBER_OBJECT_CONVERSION = YES_AGGRESSIVE;
				CLANG_CXX_LANGUAGE_STANDARD = "gnu++20";
				CLANG_ENABLE_MODULES = YES;
				CLANG_ENABLE_OBJC_ARC = YES;
				CLANG_ENABLE_OBJC_WEAK = YES;
				CLANG_WARN_BLOCK_CAPTURE_AUTORELEASING = YES;
				CLANG_WARN_BOOL_CONVERSION = YES;
				CLANG_WARN_COMMA = YES;
				CLANG_WARN_CONSTANT_CONVERSION = YES;
				CLANG_WARN_DEPRECATED_OBJC_IMPLEMENTATIONS = YES;
				CLANG_WARN_DIRECT_OBJC_ISA_USAGE = YES_ERROR;
				CLANG_WARN_DOCUMENTATION_COMMENTS = YES;
				CLANG_WARN_EMPTY_BODY = YES;
				CLANG_WARN_ENUM_CONVERSION = YES;
				CLANG_WARN_INFINITE_RECURSION = YES;
				CLANG_WARN_INT_CONVERSION = YES;
				CLANG_WARN_NON_LITERAL_NULL_CONVERSION = YES;
				CLANG_WARN_OBJC_IMPLICIT_RETAIN_SELF = YES;
				CLANG_WARN_OBJC_LITERAL_CONVERSION = YES;
				CLANG_WARN_OBJC_ROOT_CLASS = YES_ERROR;
				CLANG_WARN_QUOTED_INCLUDE_IN_FRAMEWORK_HEADER = YES;
				CLANG_WARN_RANGE_LOOP_ANALYSIS = YES;
				CLANG_WARN_STRICT_PROTOTYPES = YES;
				CLANG_WARN_SUSPICIOUS_MOVE = YES;
				CLANG_WARN_UNGUARDED_AVAILABILITY = YES_AGGRESSIVE;
				CLANG_WARN_UNREACHABLE_CODE = YES;
				CLANG_WARN__DUPLICATE_METHOD_MATCH = YES;
				COPY_PHASE_STRIP = NO;
				DEBUG_INFORMATION_FORMAT = dwarf;
				ENABLE_STRICT_OBJC_MSGSEND = YES;
				ENABLE_TESTABILITY = YES;
				GCC_C_LANGUAGE_STANDARD = gnu17;
				GCC_DYNAMIC_NO_PIC = NO;
				GCC_NO_COMMON_BLOCKS = YES;
				GCC_OPTIMIZATION_LEVEL = 0;
				GCC_PREPROCESSOR_DEFINITIONS = (
					"DEBUG=1",
					"$(inherited)",
				);
				GCC_WARN_64_TO_32_BIT_CONVERSION = YES;
				GCC_WARN_ABOUT_RETURN_TYPE = YES_ERROR;
				GCC_WARN_UNDECLARED_SELECTOR = YES;
				GCC_WARN_UNINITIALIZED_AUTOS = YES_AGGRESSIVE;
				GCC_WARN_UNUSED_FUNCTION = YES;
				GCC_WARN_UNUSED_VARIABLE = YES;
				IPHONEOS_DEPLOYMENT_TARGET = 16.0;
				MTL_ENABLE_DEBUG_INFO = INCLUDE_SOURCE;
				MTL_FAST_MATH = YES;
				ONLY_ACTIVE_ARCH = YES;
				SDKROOT = iphoneos;
				SWIFT_ACTIVE_COMPILATION_CONDITIONS = DEBUG;
				SWIFT_OPTIMIZATION_LEVEL = "-Onone";
			};
			name = Debug;
		};
		2A21AD83FCE26454628CC648 /* Release */ = {
			isa = XCBuildConfiguration;
			buildSettings = {
				ALWAYS_SEARCH_USER_PATHS = NO;
				CLANG_ANALYZER_NONNULL = YES;
				CLANG_ANALYZER_NUMBER_OBJECT_CONVERSION = YES_AGGRESSIVE;
				CLANG_CXX_LANGUAGE_STANDARD = "gnu++20";
				CLANG_ENABLE_MODULES = YES;
				CLANG_ENABLE_OBJC_ARC = YES;
				CLANG_ENABLE_OBJC_WEAK = YES;
				CLANG_WARN_BLOCK_CAPTURE_AUTORELEASING = YES;
				CLANG_WARN_BOOL_CONVERSION = YES;
				CLANG_WARN_COMMA = YES;
				CLANG_WARN_CONSTANT_CONVERSION = YES;
				CLANG_WARN_DEPRECATED_OBJC_IMPLEMENTATIONS = YES;
				CLANG_WARN_DIRECT_OBJC_ISA_USAGE = YES_ERROR;
				CLANG_WARN_DOCUMENTATION_COMMENTS = YES;
				CLANG_WARN_EMPTY_BODY = YES;
				CLANG_WARN_ENUM_CONVERSION = YES;
				CLANG_WARN_INFINITE_RECURSION = YES;
				CLANG_WARN_INT_CONVERSION = YES;
				CLANG_WARN_NON_LITERAL_NULL_CONVERSION = YES;
				CLANG_WARN_OBJC_IMPLICIT_RETAIN_SELF = YES;
				CLANG_WARN_OBJC_LITERAL_CONVERSION = YES;
				CLANG_WARN_OBJC_ROOT_CLASS = YES_ERROR;
				CLANG_WARN_QUOTED_INCLUDE_IN_FRAMEWORK_HEADER = YES;
				CLANG_WARN_RANGE_LOOP_ANALYSIS = YES;
				CLANG_WARN_STRICT_PROTOTYPES = YES;
				CLANG_WARN_SUSPICIOUS_MOVE = YES;
				CLANG_WARN_UNGUARDED_AVAILABILITY = YES_AGGRESSIVE;
				CLANG_WARN_UNREACHABLE_CODE = YES;
				CLANG_WARN__DUPLICATE_METHOD_MATCH = YES;
				COPY_PHASE_STRIP = NO;
				DEBUG_INFORMATION_FORMAT = "dwarf-with-dsym";
				ENABLE_NS_ASSERTIONS = NO;
				ENABLE_STRICT_OBJC_MSGSEND = YES;
				GCC_C_LANGUAGE_STANDARD = gnu17;
				GCC_NO_COMMON_BLOCKS = YES;
				GCC_WARN_64_TO_32_BIT_CONVERSION = YES;
				GCC_WARN_ABOUT_RETURN_TYPE = YES_ERROR;
				GCC_WARN_UNDECLARED_SELECTOR = YES;
				GCC_WARN_UNINITIALIZED_AUTOS = YES_AGGRESSIVE;
				GCC_WARN_UNUSED_FUNCTION = YES;
				GCC_WARN_UNUSED_VARIABLE = YES;
				IPHONEOS_DEPLOYMENT_TARGET = 16.0;
				MTL_ENABLE_DEBUG_INFO = NO;
				MTL_FAST_MATH = YES;
				ONLY_ACTIVE_ARCH = NO;
				SDKROOT = iphoneos;
				SWIFT_COMPILATION_MODE = wholemodule;
				VALIDATE_PRODUCT = YES;
			};
			name = Release;
		};
		4EA11F643431F2F36440F10E /* Debug */ = {
			isa = XCBuildConfiguration;
			buildSettings = {
				ASSETCATALOG_COMPILER_GENERATE_SWIFT_ASSET_SYMBOL_EXTENSIONS = YES;
				CODE_SIGN_STYLE = Automatic;
				CURRENT_PROJECT_VERSION = 1;
				ENABLE_PREVIEWS = YES;
				GENERATE_INFOPLIST_FILE = YES;
				INFOPLIST_KEY_CFBundleDisplayName = "Snowboard Rush";
				INFOPLIST_KEY_UIApplicationSceneManifest_Generation = YES;
				INFOPLIST_KEY_UIApplicationSupportsIndirectInputEvents = YES;
				INFOPLIST_KEY_UILaunchScreen_Generation = YES;
				INFOPLIST_KEY_UIStatusBarHidden = YES;
				INFOPLIST_KEY_UISupportedInterfaceOrientations = "UIInterfaceOrientationPortrait";
				INFOPLIST_KEY_UISupportedInterfaceOrientations_iPad = "UIInterfaceOrientationPortrait";
				IPHONEOS_DEPLOYMENT_TARGET = 16.0;
				LD_RUNPATH_SEARCH_PATHS = (
					"$(inherited)",
					"@executable_path/Frameworks",
				);
				MARKETING_VERSION = 1.0;
				PRODUCT_BUNDLE_IDENTIFIER = "com.example.SnowboardGame";
				PRODUCT_NAME = "$(TARGET_NAME)";
				SWIFT_EMIT_LOC_STRINGS = YES;
				SWIFT_VERSION = 5.0;
				TARGETED_DEVICE_FAMILY = "1,2";
			};
			name = Debug;
		};
		3A3AC93AACCFC59015314C56 /* Release */ = {
			isa = XCBuildConfiguration;
			buildSettings = {
				ASSETCATALOG_COMPILER_GENERATE_SWIFT_ASSET_SYMBOL_EXTENSIONS = YES;
				CODE_SIGN_STYLE = Automatic;
				CURRENT_PROJECT_VERSION = 1;
				ENABLE_PREVIEWS = YES;
				GENERATE_INFOPLIST_FILE = YES;
				INFOPLIST_KEY_CFBundleDisplayName = "Snowboard Rush";
				INFOPLIST_KEY_UIApplicationSceneManifest_Generation = YES;
				INFOPLIST_KEY_UIApplicationSupportsIndirectInputEvents = YES;
				INFOPLIST_KEY_UILaunchScreen_Generation = YES;
				INFOPLIST_KEY_UIStatusBarHidden = YES;
				INFOPLIST_KEY_UISupportedInterfaceOrientations = "UIInterfaceOrientationPortrait";
				INFOPLIST_KEY_UISupportedInterfaceOrientations_iPad = "UIInterfaceOrientationPortrait";
				IPHONEOS_DEPLOYMENT_TARGET = 16.0;
				LD_RUNPATH_SEARCH_PATHS = (
					"$(inherited)",
					"@executable_path/Frameworks",
				);
				MARKETING_VERSION = 1.0;
				PRODUCT_BUNDLE_IDENTIFIER = "com.example.SnowboardGame";
				PRODUCT_NAME = "$(TARGET_NAME)";
				SWIFT_EMIT_LOC_STRINGS = YES;
				SWIFT_VERSION = 5.0;
				TARGETED_DEVICE_FAMILY = "1,2";
			};
			name = Release;
		};
/* End XCBuildConfiguration section */

/* Begin XCConfigurationList section */
		90D59367B4EFAB8E8DF3919E /* Build configuration list for PBXProject "SnowboardGame" */ = {
			isa = XCConfigurationList;
			buildConfigurations = (
				A10254A55DA22C7723CE8A9A /* Debug */,
				2A21AD83FCE26454628CC648 /* Release */,
			);
			defaultConfigurationIsVisible = 0;
			defaultConfigurationName = Release;
		};
		4B4B20EDEB3640B2059828B1 /* Build configuration list for PBXNativeTarget "SnowboardGame" */ = {
			isa = XCConfigurationList;
			buildConfigurations = (
				4EA11F643431F2F36440F10E /* Debug */,
				3A3AC93AACCFC59015314C56 /* Release */,
			);
			defaultConfigurationIsVisible = 0;
			defaultConfigurationName = Release;
		};
/* End XCConfigurationList section */
	};
	rootObject = FB1BE704B1F324036E8F302D /* Project object */;
}
